
Microsoft Visual Studio Solution File, Format Version 12.00
Project("{FAE04EC0-301F-11D3-BF4B-00C04F79EFBC}") = "Bee1000", "Bee1000\Bee1000.csproj", "{1F534211-0BFA-43F0-B8D8-FF24FFC928C8}"
EndProject
Project("{FAE04EC0-301F-11D3-BF4B-00C04F79EFBC}") = "Bee1001", "Bee1001\Bee1001.csproj", "{DF5D3E39-C6AB-4D2F-96B4-E8303E3952A6}"
EndProject
Project("{FAE04EC0-301F-11D3-BF4B-00C04F79EFBC}") = "Bee1002", "Bee1002\Bee1002.csproj", "{D8A663E4-3A03-42A6-AEF7-2BC317BBD9BB}"
EndProject
Project("{FAE04EC0-301F-11D3-BF4B-00C04F79EFBC}") = "Bee1003", "Bee1003\Bee1003.csproj", "{5D383447-C9ED-4A57-BD04-985A58AE110F}"
EndProject
Project("{FAE04EC0-301F-11D3-BF4B-00C04F79EFBC}") = "Bee1004", "Bee1004\Bee1004.csproj", "{E90A670E-5DF1-41FE-9586-B90113D0AFA5}"
EndProject
Project("{FAE04EC0-301F-11D3-BF4B-00C04F79EFBC}") = "Bee1005", "Bee1005\Bee1005.csproj", "{43FD7E57-7CB3-48B8-88B9-21580CBD1911}"
EndProject
Project("{FAE04EC0-301F-11D3-BF4B-00C04F79EFBC}") = "Bee1006", "Bee1006\Bee1006.csproj", "{5E66F443-8D96-443B-B864-83DD5B79B220}"
EndProject
Project("{FAE04EC0-301F-11D3-BF4B-00C04F79EFBC}") = "Bee1007", "Bee1007\Bee1007.csproj", "{F3A5AA51-8E67-41A2-BD37-A4137CF87B0D}"
EndProject
Project("{FAE04EC0-301F-11D3-BF4B-00C04F79EFBC}") = "Bee1008", "Bee1008\Bee1008.csproj", "{929C85DA-4856-4CA0-9679-9886841AE0B6}"
EndProject
Project("{FAE04EC0-301F-11D3-BF4B-00C04F79EFBC}") = "Bee1009", "Bee1009\Bee1009.csproj", "{4C35347C-E9F3-4428-A435-0BCF9246410B}"
EndProject
Project("{FAE04EC0-301F-11D3-BF4B-00C04F79EFBC}") = "Bee1010", "Bee1010\Bee1010.csproj", "{651E2771-7DFC-42DC-A37A-05F054C77BF4}"
EndProject
Project("{FAE04EC0-301F-11D3-BF4B-00C04F79EFBC}") = "Bee1011", "Bee1011\Bee1011.csproj", "{6D526251-A0F8-4DE8-9E2A-F230B8CD9202}"
EndProject
Project("{FAE04EC0-301F-11D3-BF4B-00C04F79EFBC}") = "Bee1013", "Bee1013\Bee1013.csproj", "{19F65272-95E4-4DB6-BCD1-B6C5525A4DE6}"
EndProject
Project("{FAE04EC0-301F-11D3-BF4B-00C04F79EFBC}") = "Bee1014", "Bee1014\Bee1014.csproj", "{3E6B2A08-A6ED-4808-88A3-ACC4C6113A2B}"
EndProject
Project("{FAE04EC0-301F-11D3-BF4B-00C04F79EFBC}") = "Bee1015", "Bee1015\Bee1015.csproj", "{613ECC7E-4B85-4ADC-9523-F668AA967862}"
EndProject
Project("{FAE04EC0-301F-11D3-BF4B-00C04F79EFBC}") = "Bee1035", "Bee1035\Bee1035.csproj", "{CE9D15B4-41F8-4C92-94EF-03A37AF89086}"
EndProject
Project("{FAE04EC0-301F-11D3-BF4B-00C04F79EFBC}") = "Bee1038", "Bee1038\Bee1038.csproj", "{378AB111-2E82-49DB-9A6C-6F4D2D37F570}"
EndProject
Project("{FAE04EC0-301F-11D3-BF4B-00C04F79EFBC}") = "Bee1044", "Bee1044\Bee1044.csproj", "{CFE545C3-4CC8-40F0-9B26-883DD28DA4A1}"
EndProject
Global
	GlobalSection(SolutionConfigurationPlatforms) = preSolution
		Debug|Any CPU = Debug|Any CPU
		Release|Any CPU = Release|Any CPU
	EndGlobalSection
	GlobalSection(ProjectConfigurationPlatforms) = postSolution
		{1F534211-0BFA-43F0-B8D8-FF24FFC928C8}.Debug|Any CPU.ActiveCfg = Debug|Any CPU
		{1F534211-0BFA-43F0-B8D8-FF24FFC928C8}.Debug|Any CPU.Build.0 = Debug|Any CPU
		{1F534211-0BFA-43F0-B8D8-FF24FFC928C8}.Release|Any CPU.ActiveCfg = Release|Any CPU
		{1F534211-0BFA-43F0-B8D8-FF24FFC928C8}.Release|Any CPU.Build.0 = Release|Any CPU
		{DF5D3E39-C6AB-4D2F-96B4-E8303E3952A6}.Debug|Any CPU.ActiveCfg = Debug|Any CPU
		{DF5D3E39-C6AB-4D2F-96B4-E8303E3952A6}.Debug|Any CPU.Build.0 = Debug|Any CPU
		{DF5D3E39-C6AB-4D2F-96B4-E8303E3952A6}.Release|Any CPU.ActiveCfg = Release|Any CPU
		{DF5D3E39-C6AB-4D2F-96B4-E8303E3952A6}.Release|Any CPU.Build.0 = Release|Any CPU
		{D8A663E4-3A03-42A6-AEF7-2BC317BBD9BB}.Debug|Any CPU.ActiveCfg = Debug|Any CPU
		{D8A663E4-3A03-42A6-AEF7-2BC317BBD9BB}.Debug|Any CPU.Build.0 = Debug|Any CPU
		{D8A663E4-3A03-42A6-AEF7-2BC317BBD9BB}.Release|Any CPU.ActiveCfg = Release|Any CPU
		{D8A663E4-3A03-42A6-AEF7-2BC317BBD9BB}.Release|Any CPU.Build.0 = Release|Any CPU
		{5D383447-C9ED-4A57-BD04-985A58AE110F}.Debug|Any CPU.ActiveCfg = Debug|Any CPU
		{5D383447-C9ED-4A57-BD04-985A58AE110F}.Debug|Any CPU.Build.0 = Debug|Any CPU
		{5D383447-C9ED-4A57-BD04-985A58AE110F}.Release|Any CPU.ActiveCfg = Release|Any CPU
		{5D383447-C9ED-4A57-BD04-985A58AE110F}.Release|Any CPU.Build.0 = Release|Any CPU
		{E90A670E-5DF1-41FE-9586-B90113D0AFA5}.Debug|Any CPU.ActiveCfg = Debug|Any CPU
		{E90A670E-5DF1-41FE-9586-B90113D0AFA5}.Debug|Any CPU.Build.0 = Debug|Any CPU
		{E90A670E-5DF1-41FE-9586-B90113D0AFA5}.Release|Any CPU.ActiveCfg = Release|Any CPU
		{E90A670E-5DF1-41FE-9586-B90113D0AFA5}.Release|Any CPU.Build.0 = Release|Any CPU
		{43FD7E57-7CB3-48B8-88B9-21580CBD1911}.Debug|Any CPU.ActiveCfg = Debug|Any CPU
		{43FD7E57-7CB3-48B8-88B9-21580CBD1911}.Debug|Any CPU.Build.0 = Debug|Any CPU
		{43FD7E57-7CB3-48B8-88B9-21580CBD1911}.Release|Any CPU.ActiveCfg = Release|Any CPU
		{43FD7E57-7CB3-48B8-88B9-21580CBD1911}.Release|Any CPU.Build.0 = Release|Any CPU
		{5E66F443-8D96-443B-B864-83DD5B79B220}.Debug|Any CPU.ActiveCfg = Debug|Any CPU
		{5E66F443-8D96-443B-B864-83DD5B79B220}.Debug|Any CPU.Build.0 = Debug|Any CPU
		{5E66F443-8D96-443B-B864-83DD5B79B220}.Release|Any CPU.ActiveCfg = Release|Any CPU
		{5E66F443-8D96-443B-B864-83DD5B79B220}.Release|Any CPU.Build.0 = Release|Any CPU
		{F3A5AA51-8E67-41A2-BD37-A4137CF87B0D}.Debug|Any CPU.ActiveCfg = Debug|Any CPU
		{F3A5AA51-8E67-41A2-BD37-A4137CF87B0D}.Debug|Any CPU.Build.0 = Debug|Any CPU
		{F3A5AA51-8E67-41A2-BD37-A4137CF87B0D}.Release|Any CPU.ActiveCfg = Release|Any CPU
		{F3A5AA51-8E67-41A2-BD37-A4137CF87B0D}.Release|Any CPU.Build.0 = Release|Any CPU
		{929C85DA-4856-4CA0-9679-9886841AE0B6}.Debug|Any CPU.ActiveCfg = Debug|Any CPU
		{929C85DA-4856-4CA0-9679-9886841AE0B6}.Debug|Any CPU.Build.0 = Debug|Any CPU
		{929C85DA-4856-4CA0-9679-9886841AE0B6}.Release|Any CPU.ActiveCfg = Release|Any CPU
		{929C85DA-4856-4CA0-9679-9886841AE0B6}.Release|Any CPU.Build.0 = Release|Any CPU
		{4C35347C-E9F3-4428-A435-0BCF9246410B}.Debug|Any CPU.ActiveCfg = Debug|Any CPU
		{4C35347C-E9F3-4428-A435-0BCF9246410B}.Debug|Any CPU.Build.0 = Debug|Any CPU
		{4C35347C-E9F3-4428-A435-0BCF9246410B}.Release|Any CPU.ActiveCfg = Release|Any CPU
		{4C35347C-E9F3-4428-A435-0BCF9246410B}.Release|Any CPU.Build.0 = Release|Any CPU
		{651E2771-7DFC-42DC-A37A-05F054C77BF4}.Debug|Any CPU.ActiveCfg = Debug|Any CPU
		{651E2771-7DFC-42DC-A37A-05F054C77BF4}.Debug|Any CPU.Build.0 = Debug|Any CPU
		{651E2771-7DFC-42DC-A37A-05F054C77BF4}.Release|Any CPU.ActiveCfg = Release|Any CPU
		{651E2771-7DFC-42DC-A37A-05F054C77BF4}.Release|Any CPU.Build.0 = Release|Any CPU
		{6D526251-A0F8-4DE8-9E2A-F230B8CD9202}.Debug|Any CPU.ActiveCfg = Debug|Any CPU
		{6D526251-A0F8-4DE8-9E2A-F230B8CD9202}.Debug|Any CPU.Build.0 = Debug|Any CPU
		{6D526251-A0F8-4DE8-9E2A-F230B8CD9202}.Release|Any CPU.ActiveCfg = Release|Any CPU
		{6D526251-A0F8-4DE8-9E2A-F230B8CD9202}.Release|Any CPU.Build.0 = Release|Any CPU
		{19F65272-95E4-4DB6-BCD1-B6C5525A4DE6}.Debug|Any CPU.ActiveCfg = Debug|Any CPU
		{19F65272-95E4-4DB6-BCD1-B6C5525A4DE6}.Debug|Any CPU.Build.0 = Debug|Any CPU
		{19F65272-95E4-4DB6-BCD1-B6C5525A4DE6}.Release|Any CPU.ActiveCfg = Release|Any CPU
		{19F65272-95E4-4DB6-BCD1-B6C5525A4DE6}.Release|Any CPU.Build.0 = Release|Any CPU
		{3E6B2A08-A6ED-4808-88A3-ACC4C6113A2B}.Debug|Any CPU.ActiveCfg = Debug|Any CPU
		{3E6B2A08-A6ED-4808-88A3-ACC4C6113A2B}.Debug|Any CPU.Build.0 = Debug|Any CPU
		{3E6B2A08-A6ED-4808-88A3-ACC4C6113A2B}.Release|Any CPU.ActiveCfg = Release|Any CPU
		{3E6B2A08-A6ED-4808-88A3-ACC4C6113A2B}.Release|Any CPU.Build.0 = Release|Any CPU
		{613ECC7E-4B85-4ADC-9523-F668AA967862}.Debug|Any CPU.ActiveCfg = Debug|Any CPU
		{613ECC7E-4B85-4ADC-9523-F668AA967862}.Debug|Any CPU.Build.0 = Debug|Any CPU
		{613ECC7E-4B85-4ADC-9523-F668AA967862}.Release|Any CPU.ActiveCfg = Release|Any CPU
		{613ECC7E-4B85-4ADC-9523-F668AA967862}.Release|Any CPU.Build.0 = Release|Any CPU
		{CE9D15B4-41F8-4C92-94EF-03A37AF89086}.Debug|Any CPU.ActiveCfg = Debug|Any CPU
		{CE9D15B4-41F8-4C92-94EF-03A37AF89086}.Debug|Any CPU.Build.0 = Debug|Any CPU
		{CE9D15B4-41F8-4C92-94EF-03A37AF89086}.Release|Any CPU.ActiveCfg = Release|Any CPU
		{CE9D15B4-41F8-4C92-94EF-03A37AF89086}.Release|Any CPU.Build.0 = Release|Any CPU
		{378AB111-2E82-49DB-9A6C-6F4D2D37F570}.Debug|Any CPU.ActiveCfg = Debug|Any CPU
		{378AB111-2E82-49DB-9A6C-6F4D2D37F570}.Debug|Any CPU.Build.0 = Debug|Any CPU
		{378AB111-2E82-49DB-9A6C-6F4D2D37F570}.Release|Any CPU.ActiveCfg = Release|Any CPU
		{378AB111-2E82-49DB-9A6C-6F4D2D37F570}.Release|Any CPU.Build.0 = Release|Any CPU
		{CFE545C3-4CC8-40F0-9B26-883DD28DA4A1}.Debug|Any CPU.ActiveCfg = Debug|Any CPU
		{CFE545C3-4CC8-40F0-9B26-883DD28DA4A1}.Debug|Any CPU.Build.0 = Debug|Any CPU
		{CFE545C3-4CC8-40F0-9B26-883DD28DA4A1}.Release|Any CPU.ActiveCfg = Release|Any CPU
		{CFE545C3-4CC8-40F0-9B26-883DD28DA4A1}.Release|Any CPU.Build.0 = Release|Any CPU
	EndGlobalSection
EndGlobal
